hash: 33a793e160d6fed20456bd870a30393a1edf622b5e71ed2f746525275ed201e9
updated: 2019-03-14T08:17:50.477971-03:00
imports:
- name: github.com/gin-gonic/gin
  version: b869fe1415e4b9eb52f247441830d502aece2d4d
- name: github.com/gobuffalo/packr
  version: ea6e87725c1b5349881c5960aa09ffea87071c80
- name: github.com/relferreira/sse
  version: aea224f591de9cc1188b4d7e67799cf76f792672
- name: github.com/rs/cors
  version: 9a47f48565a795472d43519dd49aac781f3034fb
  subpackages:
  - wrapper/gin
- name: k8s.io/client-go
  version: e64494209f554a6723674bd494d69445fb76a1d4
testImports: []
